
Microsoft Visual Studio Solution File, Format Version 12.00
# Visual Studio Version 16
VisualStudioVersion = 16.0.32630.194
MinimumVisualStudioVersion = 10.0.40219.1
Project("{FAE04EC0-301F-11D3-BF4B-00C04F79EFBC}") = "AspAssignments", "AspAssignments\AspAssignments.csproj", "{C1276194-94FC-48AE-A9D6-C50D7CEA133B}"
EndProject
Global
	GlobalSection(SolutionConfigurationPlatforms) = preSolution
		Debug|Any CPU = Debug|Any CPU
		Release|Any CPU = Release|Any CPU
	EndGlobalSection
	GlobalSection(ProjectConfigurationPlatforms) = postSolution
		{C1276194-94FC-48AE-A9D6-C50D7CEA133B}.Debug|Any CPU.ActiveCfg = Debug|Any CPU
		{C1276194-94FC-48AE-A9D6-C50D7CEA133B}.Debug|Any CPU.Build.0 = Debug|Any CPU
		{C1276194-94FC-48AE-A9D6-C50D7CEA133B}.Release|Any CPU.ActiveCfg = Release|Any CPU
		{C1276194-94FC-48AE-A9D6-C50D7CEA133B}.Release|Any CPU.Build.0 = Release|Any CPU
	EndGlobalSection
	GlobalSection(SolutionProperties) = preSolution
		HideSolutionNode = FALSE
	EndGlobalSection
	GlobalSection(ExtensibilityGlobals) = postSolution
		SolutionGuid = {CD5C490F-B86F-4D16-B315-A66530C7BDA5}
	EndGlobalSection
EndGlobal
